
Microsoft Visual Studio Solution File, Format Version 10.00
# Visual Studio 2008
Project("{8BC9CEB8-8B4A-11D0-8D11-00A0C91BC942}") = "prssrenc", "prssrenc\prj\prssrenc.vcproj", "{7B2FF48B-4727-4248-9589-CBA6D3B2A7CE}"
EndProject
Project("{8BC9CEB8-8B4A-11D0-8D11-00A0C91BC942}") = "prssrnot", "prssrnot\prj\prssrnot.vcproj", "{BF34B833-A707-4D75-8C54-E1B3B08B0584}"
EndProject
Project("{8BC9CEB8-8B4A-11D0-8D11-00A0C91BC942}") = "prssrtoday", "prssrtoday\prj\prssrtoday.vcproj", "{078CEA9E-79C6-4BA3-A307-768B59A0F22D}"
EndProject
Project("{8BC9CEB8-8B4A-11D0-8D11-00A0C91BC942}") = "res096", "res096\prj\res096.vcproj", "{F7848F8B-008F-495B-8D2E-1090CF83120E}"
EndProject
Project("{8BC9CEB8-8B4A-11D0-8D11-00A0C91BC942}") = "res192", "res192\prj\res192.vcproj", "{488B3D8B-ED9C-4E12-9AE6-FB5FAF2450C4}"
EndProject
Project("{8BC9CEB8-8B4A-11D0-8D11-00A0C91BC942}") = "setup", "setup\prj\setup.vcproj", "{D7B1ED60-1B23-48CA-BA39-0B556C63225B}"
EndProject
Project("{8BC9CEB8-8B4A-11D0-8D11-00A0C91BC942}") = "prssr", "prssr\prj\prssr.vcproj", "{B8D7E933-48CD-4D26-BA8C-977FBC30BC39}"
EndProject
Global
	GlobalSection(SolutionConfigurationPlatforms) = preSolution
		Debug|Pocket PC 2003 (ARMV4) = Debug|Pocket PC 2003 (ARMV4)
		Debug|Smartphone 2003 (ARMV4) = Debug|Smartphone 2003 (ARMV4)
		Debug|Windows Mobile 5.0 Pocket PC SDK (ARMV4I) = Debug|Windows Mobile 5.0 Pocket PC SDK (ARMV4I)
		Debug|Windows Mobile 5.0 Smartphone SDK (ARMV4I) = Debug|Windows Mobile 5.0 Smartphone SDK (ARMV4I)
		Debug|Windows Mobile 6 Professional SDK (ARMV4I) = Debug|Windows Mobile 6 Professional SDK (ARMV4I)
		Devel|Pocket PC 2003 (ARMV4) = Devel|Pocket PC 2003 (ARMV4)
		Devel|Smartphone 2003 (ARMV4) = Devel|Smartphone 2003 (ARMV4)
		Devel|Windows Mobile 5.0 Pocket PC SDK (ARMV4I) = Devel|Windows Mobile 5.0 Pocket PC SDK (ARMV4I)
		Devel|Windows Mobile 5.0 Smartphone SDK (ARMV4I) = Devel|Windows Mobile 5.0 Smartphone SDK (ARMV4I)
		Devel|Windows Mobile 6 Professional SDK (ARMV4I) = Devel|Windows Mobile 6 Professional SDK (ARMV4I)
		Release|Pocket PC 2003 (ARMV4) = Release|Pocket PC 2003 (ARMV4)
		Release|Smartphone 2003 (ARMV4) = Release|Smartphone 2003 (ARMV4)
		Release|Windows Mobile 5.0 Pocket PC SDK (ARMV4I) = Release|Windows Mobile 5.0 Pocket PC SDK (ARMV4I)
		Release|Windows Mobile 5.0 Smartphone SDK (ARMV4I) = Release|Windows Mobile 5.0 Smartphone SDK (ARMV4I)
		Release|Windows Mobile 6 Professional SDK (ARMV4I) = Release|Windows Mobile 6 Professional SDK (ARMV4I)
	EndGlobalSection
	GlobalSection(ProjectConfigurationPlatforms) = postSolution
		{7B2FF48B-4727-4248-9589-CBA6D3B2A7CE}.Debug|Pocket PC 2003 (ARMV4).ActiveCfg = Debug|Pocket PC 2003 (ARMV4)
		{7B2FF48B-4727-4248-9589-CBA6D3B2A7CE}.Debug|Pocket PC 2003 (ARMV4).Build.0 = Debug|Pocket PC 2003 (ARMV4)
		{7B2FF48B-4727-4248-9589-CBA6D3B2A7CE}.Debug|Pocket PC 2003 (ARMV4).Deploy.0 = Debug|Pocket PC 2003 (ARMV4)
		{7B2FF48B-4727-4248-9589-CBA6D3B2A7CE}.Debug|Smartphone 2003 (ARMV4).ActiveCfg = Debug|Smartphone 2003 (ARMV4)
		{7B2FF48B-4727-4248-9589-CBA6D3B2A7CE}.Debug|Smartphone 2003 (ARMV4).Build.0 = Debug|Smartphone 2003 (ARMV4)
		{7B2FF48B-4727-4248-9589-CBA6D3B2A7CE}.Debug|Smartphone 2003 (ARMV4).Deploy.0 = Debug|Smartphone 2003 (ARMV4)
		{7B2FF48B-4727-4248-9589-CBA6D3B2A7CE}.Debug|Windows Mobile 5.0 Pocket PC SDK (ARMV4I).ActiveCfg = Debug|Windows Mobile 5.0 Pocket PC SDK (ARMV4I)
		{7B2FF48B-4727-4248-9589-CBA6D3B2A7CE}.Debug|Windows Mobile 5.0 Pocket PC SDK (ARMV4I).Build.0 = Debug|Windows Mobile 5.0 Pocket PC SDK (ARMV4I)
		{7B2FF48B-4727-4248-9589-CBA6D3B2A7CE}.Debug|Windows Mobile 5.0 Pocket PC SDK (ARMV4I).Deploy.0 = Debug|Windows Mobile 5.0 Pocket PC SDK (ARMV4I)
		{7B2FF48B-4727-4248-9589-CBA6D3B2A7CE}.Debug|Windows Mobile 5.0 Smartphone SDK (ARMV4I).ActiveCfg = Debug|Windows Mobile 5.0 Smartphone SDK (ARMV4I)
		{7B2FF48B-4727-4248-9589-CBA6D3B2A7CE}.Debug|Windows Mobile 5.0 Smartphone SDK (ARMV4I).Build.0 = Debug|Windows Mobile 5.0 Smartphone SDK (ARMV4I)
		{7B2FF48B-4727-4248-9589-CBA6D3B2A7CE}.Debug|Windows Mobile 5.0 Smartphone SDK (ARMV4I).Deploy.0 = Debug|Windows Mobile 5.0 Smartphone SDK (ARMV4I)
		{7B2FF48B-4727-4248-9589-CBA6D3B2A7CE}.Debug|Windows Mobile 6 Professional SDK (ARMV4I).ActiveCfg = Debug|Windows Mobile 6 Professional SDK (ARMV4I)
		{7B2FF48B-4727-4248-9589-CBA6D3B2A7CE}.Debug|Windows Mobile 6 Professional SDK (ARMV4I).Build.0 = Debug|Windows Mobile 6 Professional SDK (ARMV4I)
		{7B2FF48B-4727-4248-9589-CBA6D3B2A7CE}.Debug|Windows Mobile 6 Professional SDK (ARMV4I).Deploy.0 = Debug|Windows Mobile 6 Professional SDK (ARMV4I)
		{7B2FF48B-4727-4248-9589-CBA6D3B2A7CE}.Devel|Pocket PC 2003 (ARMV4).ActiveCfg = Devel|Pocket PC 2003 (ARMV4)
		{7B2FF48B-4727-4248-9589-CBA6D3B2A7CE}.Devel|Pocket PC 2003 (ARMV4).Build.0 = Devel|Pocket PC 2003 (ARMV4)
		{7B2FF48B-4727-4248-9589-CBA6D3B2A7CE}.Devel|Pocket PC 2003 (ARMV4).Deploy.0 = Devel|Pocket PC 2003 (ARMV4)
		{7B2FF48B-4727-4248-9589-CBA6D3B2A7CE}.Devel|Smartphone 2003 (ARMV4).ActiveCfg = Devel|Smartphone 2003 (ARMV4)
		{7B2FF48B-4727-4248-9589-CBA6D3B2A7CE}.Devel|Smartphone 2003 (ARMV4).Build.0 = Devel|Smartphone 2003 (ARMV4)
		{7B2FF48B-4727-4248-9589-CBA6D3B2A7CE}.Devel|Smartphone 2003 (ARMV4).Deploy.0 = Devel|Smartphone 2003 (ARMV4)
		{7B2FF48B-4727-4248-9589-CBA6D3B2A7CE}.Devel|Windows Mobile 5.0 Pocket PC SDK (ARMV4I).ActiveCfg = Devel|Windows Mobile 5.0 Pocket PC SDK (ARMV4I)
		{7B2FF48B-4727-4248-9589-CBA6D3B2A7CE}.Devel|Windows Mobile 5.0 Pocket PC SDK (ARMV4I).Build.0 = Devel|Windows Mobile 5.0 Pocket PC SDK (ARMV4I)
		{7B2FF48B-4727-4248-9589-CBA6D3B2A7CE}.Devel|Windows Mobile 5.0 Pocket PC SDK (ARMV4I).Deploy.0 = Devel|Windows Mobile 5.0 Pocket PC SDK (ARMV4I)
		{7B2FF48B-4727-4248-9589-CBA6D3B2A7CE}.Devel|Windows Mobile 5.0 Smartphone SDK (ARMV4I).ActiveCfg = Devel|Windows Mobile 5.0 Smartphone SDK (ARMV4I)
		{7B2FF48B-4727-4248-9589-CBA6D3B2A7CE}.Devel|Windows Mobile 5.0 Smartphone SDK (ARMV4I).Build.0 = Devel|Windows Mobile 5.0 Smartphone SDK (ARMV4I)
		{7B2FF48B-4727-4248-9589-CBA6D3B2A7CE}.Devel|Windows Mobile 5.0 Smartphone SDK (ARMV4I).Deploy.0 = Devel|Windows Mobile 5.0 Smartphone SDK (ARMV4I)
		{7B2FF48B-4727-4248-9589-CBA6D3B2A7CE}.Devel|Windows Mobile 6 Professional SDK (ARMV4I).ActiveCfg = Devel|Windows Mobile 6 Professional SDK (ARMV4I)
		{7B2FF48B-4727-4248-9589-CBA6D3B2A7CE}.Devel|Windows Mobile 6 Professional SDK (ARMV4I).Build.0 = Devel|Windows Mobile 6 Professional SDK (ARMV4I)
		{7B2FF48B-4727-4248-9589-CBA6D3B2A7CE}.Devel|Windows Mobile 6 Professional SDK (ARMV4I).Deploy.0 = Devel|Windows Mobile 6 Professional SDK (ARMV4I)
		{7B2FF48B-4727-4248-9589-CBA6D3B2A7CE}.Release|Pocket PC 2003 (ARMV4).ActiveCfg = Release|Pocket PC 2003 (ARMV4)
		{7B2FF48B-4727-4248-9589-CBA6D3B2A7CE}.Release|Pocket PC 2003 (ARMV4).Build.0 = Release|Pocket PC 2003 (ARMV4)
		{7B2FF48B-4727-4248-9589-CBA6D3B2A7CE}.Release|Pocket PC 2003 (ARMV4).Deploy.0 = Release|Pocket PC 2003 (ARMV4)
		{7B2FF48B-4727-4248-9589-CBA6D3B2A7CE}.Release|Smartphone 2003 (ARMV4).ActiveCfg = Release|Smartphone 2003 (ARMV4)
		{7B2FF48B-4727-4248-9589-CBA6D3B2A7CE}.Release|Smartphone 2003 (ARMV4).Build.0 = Release|Smartphone 2003 (ARMV4)
		{7B2FF48B-4727-4248-9589-CBA6D3B2A7CE}.Release|Smartphone 2003 (ARMV4).Deploy.0 = Release|Smartphone 2003 (ARMV4)
		{7B2FF48B-4727-4248-9589-CBA6D3B2A7CE}.Release|Windows Mobile 5.0 Pocket PC SDK (ARMV4I).ActiveCfg = Release|Windows Mobile 5.0 Pocket PC SDK (ARMV4I)
		{7B2FF48B-4727-4248-9589-CBA6D3B2A7CE}.Release|Windows Mobile 5.0 Pocket PC SDK (ARMV4I).Build.0 = Release|Windows Mobile 5.0 Pocket PC SDK (ARMV4I)
		{7B2FF48B-4727-4248-9589-CBA6D3B2A7CE}.Release|Windows Mobile 5.0 Pocket PC SDK (ARMV4I).Deploy.0 = Release|Windows Mobile 5.0 Pocket PC SDK (ARMV4I)
		{7B2FF48B-4727-4248-9589-CBA6D3B2A7CE}.Release|Windows Mobile 5.0 Smartphone SDK (ARMV4I).ActiveCfg = Release|Windows Mobile 5.0 Smartphone SDK (ARMV4I)
		{7B2FF48B-4727-4248-9589-CBA6D3B2A7CE}.Release|Windows Mobile 5.0 Smartphone SDK (ARMV4I).Build.0 = Release|Windows Mobile 5.0 Smartphone SDK (ARMV4I)
		{7B2FF48B-4727-4248-9589-CBA6D3B2A7CE}.Release|Windows Mobile 5.0 Smartphone SDK (ARMV4I).Deploy.0 = Release|Windows Mobile 5.0 Smartphone SDK (ARMV4I)
		{7B2FF48B-4727-4248-9589-CBA6D3B2A7CE}.Release|Windows Mobile 6 Professional SDK (ARMV4I).ActiveCfg = Release|Windows Mobile 6 Professional SDK (ARMV4I)
		{7B2FF48B-4727-4248-9589-CBA6D3B2A7CE}.Release|Windows Mobile 6 Professional SDK (ARMV4I).Build.0 = Release|Windows Mobile 6 Professional SDK (ARMV4I)
		{7B2FF48B-4727-4248-9589-CBA6D3B2A7CE}.Release|Windows Mobile 6 Professional SDK (ARMV4I).Deploy.0 = Release|Windows Mobile 6 Professional SDK (ARMV4I)
		{BF34B833-A707-4D75-8C54-E1B3B08B0584}.Debug|Pocket PC 2003 (ARMV4).ActiveCfg = Debug|Pocket PC 2003 (ARMV4)
		{BF34B833-A707-4D75-8C54-E1B3B08B0584}.Debug|Pocket PC 2003 (ARMV4).Build.0 = Debug|Pocket PC 2003 (ARMV4)
		{BF34B833-A707-4D75-8C54-E1B3B08B0584}.Debug|Pocket PC 2003 (ARMV4).Deploy.0 = Debug|Pocket PC 2003 (ARMV4)
		{BF34B833-A707-4D75-8C54-E1B3B08B0584}.Debug|Smartphone 2003 (ARMV4).ActiveCfg = Debug|Smartphone 2003 (ARMV4)
		{BF34B833-A707-4D75-8C54-E1B3B08B0584}.Debug|Smartphone 2003 (ARMV4).Build.0 = Debug|Smartphone 2003 (ARMV4)
		{BF34B833-A707-4D75-8C54-E1B3B08B0584}.Debug|Smartphone 2003 (ARMV4).Deploy.0 = Debug|Smartphone 2003 (ARMV4)
		{BF34B833-A707-4D75-8C54-E1B3B08B0584}.Debug|Windows Mobile 5.0 Pocket PC SDK (ARMV4I).ActiveCfg = Debug|Windows Mobile 5.0 Pocket PC SDK (ARMV4I)
		{BF34B833-A707-4D75-8C54-E1B3B08B0584}.Debug|Windows Mobile 5.0 Pocket PC SDK (ARMV4I).Build.0 = Debug|Windows Mobile 5.0 Pocket PC SDK (ARMV4I)
		{BF34B833-A707-4D75-8C54-E1B3B08B0584}.Debug|Windows Mobile 5.0 Pocket PC SDK (ARMV4I).Deploy.0 = Debug|Windows Mobile 5.0 Pocket PC SDK (ARMV4I)
		{BF34B833-A707-4D75-8C54-E1B3B08B0584}.Debug|Windows Mobile 5.0 Smartphone SDK (ARMV4I).ActiveCfg = Debug|Windows Mobile 5.0 Smartphone SDK (ARMV4I)
		{BF34B833-A707-4D75-8C54-E1B3B08B0584}.Debug|Windows Mobile 5.0 Smartphone SDK (ARMV4I).Build.0 = Debug|Windows Mobile 5.0 Smartphone SDK (ARMV4I)
		{BF34B833-A707-4D75-8C54-E1B3B08B0584}.Debug|Windows Mobile 5.0 Smartphone SDK (ARMV4I).Deploy.0 = Debug|Windows Mobile 5.0 Smartphone SDK (ARMV4I)
		{BF34B833-A707-4D75-8C54-E1B3B08B0584}.Debug|Windows Mobile 6 Professional SDK (ARMV4I).ActiveCfg = Debug|Windows Mobile 6 Professional SDK (ARMV4I)
		{BF34B833-A707-4D75-8C54-E1B3B08B0584}.Debug|Windows Mobile 6 Professional SDK (ARMV4I).Build.0 = Debug|Windows Mobile 6 Professional SDK (ARMV4I)
		{BF34B833-A707-4D75-8C54-E1B3B08B0584}.Debug|Windows Mobile 6 Professional SDK (ARMV4I).Deploy.0 = Debug|Windows Mobile 6 Professional SDK (ARMV4I)
		{BF34B833-A707-4D75-8C54-E1B3B08B0584}.Devel|Pocket PC 2003 (ARMV4).ActiveCfg = Debug|Windows Mobile 5.0 Smartphone SDK (ARMV4I)
		{BF34B833-A707-4D75-8C54-E1B3B08B0584}.Devel|Smartphone 2003 (ARMV4).ActiveCfg = Debug|Windows Mobile 5.0 Smartphone SDK (ARMV4I)
		{BF34B833-A707-4D75-8C54-E1B3B08B0584}.Devel|Windows Mobile 5.0 Pocket PC SDK (ARMV4I).ActiveCfg = Debug|Windows Mobile 5.0 Smartphone SDK (ARMV4I)
		{BF34B833-A707-4D75-8C54-E1B3B08B0584}.Devel|Windows Mobile 5.0 Smartphone SDK (ARMV4I).ActiveCfg = Debug|Windows Mobile 5.0 Smartphone SDK (ARMV4I)
		{BF34B833-A707-4D75-8C54-E1B3B08B0584}.Devel|Windows Mobile 5.0 Smartphone SDK (ARMV4I).Build.0 = Debug|Windows Mobile 5.0 Smartphone SDK (ARMV4I)
		{BF34B833-A707-4D75-8C54-E1B3B08B0584}.Devel|Windows Mobile 5.0 Smartphone SDK (ARMV4I).Deploy.0 = Debug|Windows Mobile 5.0 Smartphone SDK (ARMV4I)
		{BF34B833-A707-4D75-8C54-E1B3B08B0584}.Devel|Windows Mobile 6 Professional SDK (ARMV4I).ActiveCfg = Debug|Windows Mobile 5.0 Smartphone SDK (ARMV4I)
		{BF34B833-A707-4D75-8C54-E1B3B08B0584}.Release|Pocket PC 2003 (ARMV4).ActiveCfg = Release|Pocket PC 2003 (ARMV4)
		{BF34B833-A707-4D75-8C54-E1B3B08B0584}.Release|Pocket PC 2003 (ARMV4).Build.0 = Release|Pocket PC 2003 (ARMV4)
		{BF34B833-A707-4D75-8C54-E1B3B08B0584}.Release|Pocket PC 2003 (ARMV4).Deploy.0 = Release|Pocket PC 2003 (ARMV4)
		{BF34B833-A707-4D75-8C54-E1B3B08B0584}.Release|Smartphone 2003 (ARMV4).ActiveCfg = Release|Smartphone 2003 (ARMV4)
		{BF34B833-A707-4D75-8C54-E1B3B08B0584}.Release|Smartphone 2003 (ARMV4).Build.0 = Release|Smartphone 2003 (ARMV4)
		{BF34B833-A707-4D75-8C54-E1B3B08B0584}.Release|Smartphone 2003 (ARMV4).Deploy.0 = Release|Smartphone 2003 (ARMV4)
		{BF34B833-A707-4D75-8C54-E1B3B08B0584}.Release|Windows Mobile 5.0 Pocket PC SDK (ARMV4I).ActiveCfg = Release|Windows Mobile 5.0 Pocket PC SDK (ARMV4I)
		{BF34B833-A707-4D75-8C54-E1B3B08B0584}.Release|Windows Mobile 5.0 Pocket PC SDK (ARMV4I).Build.0 = Release|Windows Mobile 5.0 Pocket PC SDK (ARMV4I)
		{BF34B833-A707-4D75-8C54-E1B3B08B0584}.Release|Windows Mobile 5.0 Pocket PC SDK (ARMV4I).Deploy.0 = Release|Windows Mobile 5.0 Pocket PC SDK (ARMV4I)
		{BF34B833-A707-4D75-8C54-E1B3B08B0584}.Release|Windows Mobile 5.0 Smartphone SDK (ARMV4I).ActiveCfg = Release|Windows Mobile 5.0 Smartphone SDK (ARMV4I)
		{BF34B833-A707-4D75-8C54-E1B3B08B0584}.Release|Windows Mobile 5.0 Smartphone SDK (ARMV4I).Build.0 = Release|Windows Mobile 5.0 Smartphone SDK (ARMV4I)
		{BF34B833-A707-4D75-8C54-E1B3B08B0584}.Release|Windows Mobile 5.0 Smartphone SDK (ARMV4I).Deploy.0 = Release|Windows Mobile 5.0 Smartphone SDK (ARMV4I)
		{BF34B833-A707-4D75-8C54-E1B3B08B0584}.Release|Windows Mobile 6 Professional SDK (ARMV4I).ActiveCfg = Release|Windows Mobile 6 Professional SDK (ARMV4I)
		{BF34B833-A707-4D75-8C54-E1B3B08B0584}.Release|Windows Mobile 6 Professional SDK (ARMV4I).Build.0 = Release|Windows Mobile 6 Professional SDK (ARMV4I)
		{BF34B833-A707-4D75-8C54-E1B3B08B0584}.Release|Windows Mobile 6 Professional SDK (ARMV4I).Deploy.0 = Release|Windows Mobile 6 Professional SDK (ARMV4I)
		{078CEA9E-79C6-4BA3-A307-768B59A0F22D}.Debug|Pocket PC 2003 (ARMV4).ActiveCfg = Debug|Pocket PC 2003 (ARMV4)
		{078CEA9E-79C6-4BA3-A307-768B59A0F22D}.Debug|Pocket PC 2003 (ARMV4).Build.0 = Debug|Pocket PC 2003 (ARMV4)
		{078CEA9E-79C6-4BA3-A307-768B59A0F22D}.Debug|Pocket PC 2003 (ARMV4).Deploy.0 = Debug|Pocket PC 2003 (ARMV4)
		{078CEA9E-79C6-4BA3-A307-768B59A0F22D}.Debug|Smartphone 2003 (ARMV4).ActiveCfg = Debug|Smartphone 2003 (ARMV4)
		{078CEA9E-79C6-4BA3-A307-768B59A0F22D}.Debug|Smartphone 2003 (ARMV4).Build.0 = Debug|Smartphone 2003 (ARMV4)
		{078CEA9E-79C6-4BA3-A307-768B59A0F22D}.Debug|Smartphone 2003 (ARMV4).Deploy.0 = Debug|Smartphone 2003 (ARMV4)
		{078CEA9E-79C6-4BA3-A307-768B59A0F22D}.Debug|Windows Mobile 5.0 Pocket PC SDK (ARMV4I).ActiveCfg = Debug|Windows Mobile 5.0 Pocket PC SDK (ARMV4I)
		{078CEA9E-79C6-4BA3-A307-768B59A0F22D}.Debug|Windows Mobile 5.0 Pocket PC SDK (ARMV4I).Build.0 = Debug|Windows Mobile 5.0 Pocket PC SDK (ARMV4I)
		{078CEA9E-79C6-4BA3-A307-768B59A0F22D}.Debug|Windows Mobile 5.0 Pocket PC SDK (ARMV4I).Deploy.0 = Debug|Windows Mobile 5.0 Pocket PC SDK (ARMV4I)
		{078CEA9E-79C6-4BA3-A307-768B59A0F22D}.Debug|Windows Mobile 5.0 Smartphone SDK (ARMV4I).ActiveCfg = Debug|Windows Mobile 5.0 Smartphone SDK (ARMV4I)
		{078CEA9E-79C6-4BA3-A307-768B59A0F22D}.Debug|Windows Mobile 5.0 Smartphone SDK (ARMV4I).Build.0 = Debug|Windows Mobile 5.0 Smartphone SDK (ARMV4I)
		{078CEA9E-79C6-4BA3-A307-768B59A0F22D}.Debug|Windows Mobile 5.0 Smartphone SDK (ARMV4I).Deploy.0 = Debug|Windows Mobile 5.0 Smartphone SDK (ARMV4I)
		{078CEA9E-79C6-4BA3-A307-768B59A0F22D}.Debug|Windows Mobile 6 Professional SDK (ARMV4I).ActiveCfg = Debug|Windows Mobile 6 Professional SDK (ARMV4I)
		{078CEA9E-79C6-4BA3-A307-768B59A0F22D}.Debug|Windows Mobile 6 Professional SDK (ARMV4I).Build.0 = Debug|Windows Mobile 6 Professional SDK (ARMV4I)
		{078CEA9E-79C6-4BA3-A307-768B59A0F22D}.Debug|Windows Mobile 6 Professional SDK (ARMV4I).Deploy.0 = Debug|Windows Mobile 6 Professional SDK (ARMV4I)
		{078CEA9E-79C6-4BA3-A307-768B59A0F22D}.Devel|Pocket PC 2003 (ARMV4).ActiveCfg = Debug|Windows Mobile 5.0 Smartphone SDK (ARMV4I)
		{078CEA9E-79C6-4BA3-A307-768B59A0F22D}.Devel|Smartphone 2003 (ARMV4).ActiveCfg = Debug|Windows Mobile 5.0 Smartphone SDK (ARMV4I)
		{078CEA9E-79C6-4BA3-A307-768B59A0F22D}.Devel|Windows Mobile 5.0 Pocket PC SDK (ARMV4I).ActiveCfg = Debug|Windows Mobile 5.0 Smartphone SDK (ARMV4I)
		{078CEA9E-79C6-4BA3-A307-768B59A0F22D}.Devel|Windows Mobile 5.0 Smartphone SDK (ARMV4I).ActiveCfg = Debug|Windows Mobile 5.0 Smartphone SDK (ARMV4I)
		{078CEA9E-79C6-4BA3-A307-768B59A0F22D}.Devel|Windows Mobile 5.0 Smartphone SDK (ARMV4I).Build.0 = Debug|Windows Mobile 5.0 Smartphone SDK (ARMV4I)
		{078CEA9E-79C6-4BA3-A307-768B59A0F22D}.Devel|Windows Mobile 5.0 Smartphone SDK (ARMV4I).Deploy.0 = Debug|Windows Mobile 5.0 Smartphone SDK (ARMV4I)
		{078CEA9E-79C6-4BA3-A307-768B59A0F22D}.Devel|Windows Mobile 6 Professional SDK (ARMV4I).ActiveCfg = Debug|Windows Mobile 5.0 Smartphone SDK (ARMV4I)
		{078CEA9E-79C6-4BA3-A307-768B59A0F22D}.Release|Pocket PC 2003 (ARMV4).ActiveCfg = Release|Pocket PC 2003 (ARMV4)
		{078CEA9E-79C6-4BA3-A307-768B59A0F22D}.Release|Pocket PC 2003 (ARMV4).Build.0 = Release|Pocket PC 2003 (ARMV4)
		{078CEA9E-79C6-4BA3-A307-768B59A0F22D}.Release|Pocket PC 2003 (ARMV4).Deploy.0 = Release|Pocket PC 2003 (ARMV4)
		{078CEA9E-79C6-4BA3-A307-768B59A0F22D}.Release|Smartphone 2003 (ARMV4).ActiveCfg = Release|Smartphone 2003 (ARMV4)
		{078CEA9E-79C6-4BA3-A307-768B59A0F22D}.Release|Smartphone 2003 (ARMV4).Build.0 = Release|Smartphone 2003 (ARMV4)
		{078CEA9E-79C6-4BA3-A307-768B59A0F22D}.Release|Smartphone 2003 (ARMV4).Deploy.0 = Release|Smartphone 2003 (ARMV4)
		{078CEA9E-79C6-4BA3-A307-768B59A0F22D}.Release|Windows Mobile 5.0 Pocket PC SDK (ARMV4I).ActiveCfg = Release|Windows Mobile 5.0 Pocket PC SDK (ARMV4I)
		{078CEA9E-79C6-4BA3-A307-768B59A0F22D}.Release|Windows Mobile 5.0 Pocket PC SDK (ARMV4I).Build.0 = Release|Windows Mobile 5.0 Pocket PC SDK (ARMV4I)
		{078CEA9E-79C6-4BA3-A307-768B59A0F22D}.Release|Windows Mobile 5.0 Pocket PC SDK (ARMV4I).Deploy.0 = Release|Windows Mobile 5.0 Pocket PC SDK (ARMV4I)
		{078CEA9E-79C6-4BA3-A307-768B59A0F22D}.Release|Windows Mobile 5.0 Smartphone SDK (ARMV4I).ActiveCfg = Release|Windows Mobile 5.0 Smartphone SDK (ARMV4I)
		{078CEA9E-79C6-4BA3-A307-768B59A0F22D}.Release|Windows Mobile 5.0 Smartphone SDK (ARMV4I).Build.0 = Release|Windows Mobile 5.0 Smartphone SDK (ARMV4I)
		{078CEA9E-79C6-4BA3-A307-768B59A0F22D}.Release|Windows Mobile 5.0 Smartphone SDK (ARMV4I).Deploy.0 = Release|Windows Mobile 5.0 Smartphone SDK (ARMV4I)
		{078CEA9E-79C6-4BA3-A307-768B59A0F22D}.Release|Windows Mobile 6 Professional SDK (ARMV4I).ActiveCfg = Release|Windows Mobile 6 Professional SDK (ARMV4I)
		{078CEA9E-79C6-4BA3-A307-768B59A0F22D}.Release|Windows Mobile 6 Professional SDK (ARMV4I).Build.0 = Release|Windows Mobile 6 Professional SDK (ARMV4I)
		{078CEA9E-79C6-4BA3-A307-768B59A0F22D}.Release|Windows Mobile 6 Professional SDK (ARMV4I).Deploy.0 = Release|Windows Mobile 6 Professional SDK (ARMV4I)
		{F7848F8B-008F-495B-8D2E-1090CF83120E}.Debug|Pocket PC 2003 (ARMV4).ActiveCfg = Debug|Pocket PC 2003 (ARMV4)
		{F7848F8B-008F-495B-8D2E-1090CF83120E}.Debug|Pocket PC 2003 (ARMV4).Build.0 = Debug|Pocket PC 2003 (ARMV4)
		{F7848F8B-008F-495B-8D2E-1090CF83120E}.Debug|Pocket PC 2003 (ARMV4).Deploy.0 = Debug|Pocket PC 2003 (ARMV4)
		{F7848F8B-008F-495B-8D2E-1090CF83120E}.Debug|Smartphone 2003 (ARMV4).ActiveCfg = Debug|Smartphone 2003 (ARMV4)
		{F7848F8B-008F-495B-8D2E-1090CF83120E}.Debug|Smartphone 2003 (ARMV4).Build.0 = Debug|Smartphone 2003 (ARMV4)
		{F7848F8B-008F-495B-8D2E-1090CF83120E}.Debug|Smartphone 2003 (ARMV4).Deploy.0 = Debug|Smartphone 2003 (ARMV4)
		{F7848F8B-008F-495B-8D2E-1090CF83120E}.Debug|Windows Mobile 5.0 Pocket PC SDK (ARMV4I).ActiveCfg = Debug|Windows Mobile 5.0 Pocket PC SDK (ARMV4I)
		{F7848F8B-008F-495B-8D2E-1090CF83120E}.Debug|Windows Mobile 5.0 Pocket PC SDK (ARMV4I).Build.0 = Debug|Windows Mobile 5.0 Pocket PC SDK (ARMV4I)
		{F7848F8B-008F-495B-8D2E-1090CF83120E}.Debug|Windows Mobile 5.0 Pocket PC SDK (ARMV4I).Deploy.0 = Debug|Windows Mobile 5.0 Pocket PC SDK (ARMV4I)
		{F7848F8B-008F-495B-8D2E-1090CF83120E}.Debug|Windows Mobile 5.0 Smartphone SDK (ARMV4I).ActiveCfg = Debug|Windows Mobile 5.0 Smartphone SDK (ARMV4I)
		{F7848F8B-008F-495B-8D2E-1090CF83120E}.Debug|Windows Mobile 5.0 Smartphone SDK (ARMV4I).Build.0 = Debug|Windows Mobile 5.0 Smartphone SDK (ARMV4I)
		{F7848F8B-008F-495B-8D2E-1090CF83120E}.Debug|Windows Mobile 5.0 Smartphone SDK (ARMV4I).Deploy.0 = Debug|Windows Mobile 5.0 Smartphone SDK (ARMV4I)
		{F7848F8B-008F-495B-8D2E-1090CF83120E}.Debug|Windows Mobile 6 Professional SDK (ARMV4I).ActiveCfg = Debug|Windows Mobile 6 Professional SDK (ARMV4I)
		{F7848F8B-008F-495B-8D2E-1090CF83120E}.Debug|Windows Mobile 6 Professional SDK (ARMV4I).Build.0 = Debug|Windows Mobile 6 Professional SDK (ARMV4I)
		{F7848F8B-008F-495B-8D2E-1090CF83120E}.Debug|Windows Mobile 6 Professional SDK (ARMV4I).Deploy.0 = Debug|Windows Mobile 6 Professional SDK (ARMV4I)
		{F7848F8B-008F-495B-8D2E-1090CF83120E}.Devel|Pocket PC 2003 (ARMV4).ActiveCfg = Debug|Windows Mobile 5.0 Smartphone SDK (ARMV4I)
		{F7848F8B-008F-495B-8D2E-1090CF83120E}.Devel|Smartphone 2003 (ARMV4).ActiveCfg = Debug|Windows Mobile 5.0 Smartphone SDK (ARMV4I)
		{F7848F8B-008F-495B-8D2E-1090CF83120E}.Devel|Windows Mobile 5.0 Pocket PC SDK (ARMV4I).ActiveCfg = Debug|Windows Mobile 5.0 Smartphone SDK (ARMV4I)
		{F7848F8B-008F-495B-8D2E-1090CF83120E}.Devel|Windows Mobile 5.0 Smartphone SDK (ARMV4I).ActiveCfg = Debug|Windows Mobile 5.0 Smartphone SDK (ARMV4I)
		{F7848F8B-008F-495B-8D2E-1090CF83120E}.Devel|Windows Mobile 5.0 Smartphone SDK (ARMV4I).Build.0 = Debug|Windows Mobile 5.0 Smartphone SDK (ARMV4I)
		{F7848F8B-008F-495B-8D2E-1090CF83120E}.Devel|Windows Mobile 5.0 Smartphone SDK (ARMV4I).Deploy.0 = Debug|Windows Mobile 5.0 Smartphone SDK (ARMV4I)
		{F7848F8B-008F-495B-8D2E-1090CF83120E}.Devel|Windows Mobile 6 Professional SDK (ARMV4I).ActiveCfg = Debug|Windows Mobile 5.0 Smartphone SDK (ARMV4I)
		{F7848F8B-008F-495B-8D2E-1090CF83120E}.Release|Pocket PC 2003 (ARMV4).ActiveCfg = Release|Pocket PC 2003 (ARMV4)
		{F7848F8B-008F-495B-8D2E-1090CF83120E}.Release|Pocket PC 2003 (ARMV4).Build.0 = Release|Pocket PC 2003 (ARMV4)
		{F7848F8B-008F-495B-8D2E-1090CF83120E}.Release|Pocket PC 2003 (ARMV4).Deploy.0 = Release|Pocket PC 2003 (ARMV4)
		{F7848F8B-008F-495B-8D2E-1090CF83120E}.Release|Smartphone 2003 (ARMV4).ActiveCfg = Release|Smartphone 2003 (ARMV4)
		{F7848F8B-008F-495B-8D2E-1090CF83120E}.Release|Smartphone 2003 (ARMV4).Build.0 = Release|Smartphone 2003 (ARMV4)
		{F7848F8B-008F-495B-8D2E-1090CF83120E}.Release|Smartphone 2003 (ARMV4).Deploy.0 = Release|Smartphone 2003 (ARMV4)
		{F7848F8B-008F-495B-8D2E-1090CF83120E}.Release|Windows Mobile 5.0 Pocket PC SDK (ARMV4I).ActiveCfg = Release|Windows Mobile 5.0 Pocket PC SDK (ARMV4I)
		{F7848F8B-008F-495B-8D2E-1090CF83120E}.Release|Windows Mobile 5.0 Pocket PC SDK (ARMV4I).Build.0 = Release|Windows Mobile 5.0 Pocket PC SDK (ARMV4I)
		{F7848F8B-008F-495B-8D2E-1090CF83120E}.Release|Windows Mobile 5.0 Pocket PC SDK (ARMV4I).Deploy.0 = Release|Windows Mobile 5.0 Pocket PC SDK (ARMV4I)
		{F7848F8B-008F-495B-8D2E-1090CF83120E}.Release|Windows Mobile 5.0 Smartphone SDK (ARMV4I).ActiveCfg = Release|Windows Mobile 5.0 Smartphone SDK (ARMV4I)
		{F7848F8B-008F-495B-8D2E-1090CF83120E}.Release|Windows Mobile 5.0 Smartphone SDK (ARMV4I).Build.0 = Release|Windows Mobile 5.0 Smartphone SDK (ARMV4I)
		{F7848F8B-008F-495B-8D2E-1090CF83120E}.Release|Windows Mobile 5.0 Smartphone SDK (ARMV4I).Deploy.0 = Release|Windows Mobile 5.0 Smartphone SDK (ARMV4I)
		{F7848F8B-008F-495B-8D2E-1090CF83120E}.Release|Windows Mobile 6 Professional SDK (ARMV4I).ActiveCfg = Release|Windows Mobile 6 Professional SDK (ARMV4I)
		{F7848F8B-008F-495B-8D2E-1090CF83120E}.Release|Windows Mobile 6 Professional SDK (ARMV4I).Build.0 = Release|Windows Mobile 6 Professional SDK (ARMV4I)
		{F7848F8B-008F-495B-8D2E-1090CF83120E}.Release|Windows Mobile 6 Professional SDK (ARMV4I).Deploy.0 = Release|Windows Mobile 6 Professional SDK (ARMV4I)
		{488B3D8B-ED9C-4E12-9AE6-FB5FAF2450C4}.Debug|Pocket PC 2003 (ARMV4).ActiveCfg = Debug|Pocket PC 2003 (ARMV4)
		{488B3D8B-ED9C-4E12-9AE6-FB5FAF2450C4}.Debug|Pocket PC 2003 (ARMV4).Build.0 = Debug|Pocket PC 2003 (ARMV4)
		{488B3D8B-ED9C-4E12-9AE6-FB5FAF2450C4}.Debug|Pocket PC 2003 (ARMV4).Deploy.0 = Debug|Pocket PC 2003 (ARMV4)
		{488B3D8B-ED9C-4E12-9AE6-FB5FAF2450C4}.Debug|Smartphone 2003 (ARMV4).ActiveCfg = Debug|Smartphone 2003 (ARMV4)
		{488B3D8B-ED9C-4E12-9AE6-FB5FAF2450C4}.Debug|Smartphone 2003 (ARMV4).Build.0 = Debug|Smartphone 2003 (ARMV4)
		{488B3D8B-ED9C-4E12-9AE6-FB5FAF2450C4}.Debug|Smartphone 2003 (ARMV4).Deploy.0 = Debug|Smartphone 2003 (ARMV4)
		{488B3D8B-ED9C-4E12-9AE6-FB5FAF2450C4}.Debug|Windows Mobile 5.0 Pocket PC SDK (ARMV4I).ActiveCfg = Debug|Windows Mobile 5.0 Pocket PC SDK (ARMV4I)
		{488B3D8B-ED9C-4E12-9AE6-FB5FAF2450C4}.Debug|Windows Mobile 5.0 Pocket PC SDK (ARMV4I).Build.0 = Debug|Windows Mobile 5.0 Pocket PC SDK (ARMV4I)
		{488B3D8B-ED9C-4E12-9AE6-FB5FAF2450C4}.Debug|Windows Mobile 5.0 Pocket PC SDK (ARMV4I).Deploy.0 = Debug|Windows Mobile 5.0 Pocket PC SDK (ARMV4I)
		{488B3D8B-ED9C-4E12-9AE6-FB5FAF2450C4}.Debug|Windows Mobile 5.0 Smartphone SDK (ARMV4I).ActiveCfg = Debug|Windows Mobile 5.0 Smartphone SDK (ARMV4I)
		{488B3D8B-ED9C-4E12-9AE6-FB5FAF2450C4}.Debug|Windows Mobile 5.0 Smartphone SDK (ARMV4I).Build.0 = Debug|Windows Mobile 5.0 Smartphone SDK (ARMV4I)
		{488B3D8B-ED9C-4E12-9AE6-FB5FAF2450C4}.Debug|Windows Mobile 5.0 Smartphone SDK (ARMV4I).Deploy.0 = Debug|Windows Mobile 5.0 Smartphone SDK (ARMV4I)
		{488B3D8B-ED9C-4E12-9AE6-FB5FAF2450C4}.Debug|Windows Mobile 6 Professional SDK (ARMV4I).ActiveCfg = Debug|Windows Mobile 6 Professional SDK (ARMV4I)
		{488B3D8B-ED9C-4E12-9AE6-FB5FAF2450C4}.Debug|Windows Mobile 6 Professional SDK (ARMV4I).Build.0 = Debug|Windows Mobile 6 Professional SDK (ARMV4I)
		{488B3D8B-ED9C-4E12-9AE6-FB5FAF2450C4}.Debug|Windows Mobile 6 Professional SDK (ARMV4I).Deploy.0 = Debug|Windows Mobile 6 Professional SDK (ARMV4I)
		{488B3D8B-ED9C-4E12-9AE6-FB5FAF2450C4}.Devel|Pocket PC 2003 (ARMV4).ActiveCfg = Debug|Windows Mobile 5.0 Smartphone SDK (ARMV4I)
		{488B3D8B-ED9C-4E12-9AE6-FB5FAF2450C4}.Devel|Smartphone 2003 (ARMV4).ActiveCfg = Debug|Windows Mobile 5.0 Smartphone SDK (ARMV4I)
		{488B3D8B-ED9C-4E12-9AE6-FB5FAF2450C4}.Devel|Windows Mobile 5.0 Pocket PC SDK (ARMV4I).ActiveCfg = Debug|Windows Mobile 5.0 Smartphone SDK (ARMV4I)
		{488B3D8B-ED9C-4E12-9AE6-FB5FAF2450C4}.Devel|Windows Mobile 5.0 Smartphone SDK (ARMV4I).ActiveCfg = Debug|Windows Mobile 5.0 Smartphone SDK (ARMV4I)
		{488B3D8B-ED9C-4E12-9AE6-FB5FAF2450C4}.Devel|Windows Mobile 5.0 Smartphone SDK (ARMV4I).Build.0 = Debug|Windows Mobile 5.0 Smartphone SDK (ARMV4I)
		{488B3D8B-ED9C-4E12-9AE6-FB5FAF2450C4}.Devel|Windows Mobile 5.0 Smartphone SDK (ARMV4I).Deploy.0 = Debug|Windows Mobile 5.0 Smartphone SDK (ARMV4I)
		{488B3D8B-ED9C-4E12-9AE6-FB5FAF2450C4}.Devel|Windows Mobile 6 Professional SDK (ARMV4I).ActiveCfg = Debug|Windows Mobile 5.0 Smartphone SDK (ARMV4I)
		{488B3D8B-ED9C-4E12-9AE6-FB5FAF2450C4}.Release|Pocket PC 2003 (ARMV4).ActiveCfg = Release|Pocket PC 2003 (ARMV4)
		{488B3D8B-ED9C-4E12-9AE6-FB5FAF2450C4}.Release|Pocket PC 2003 (ARMV4).Build.0 = Release|Pocket PC 2003 (ARMV4)
		{488B3D8B-ED9C-4E12-9AE6-FB5FAF2450C4}.Release|Pocket PC 2003 (ARMV4).Deploy.0 = Release|Pocket PC 2003 (ARMV4)
		{488B3D8B-ED9C-4E12-9AE6-FB5FAF2450C4}.Release|Smartphone 2003 (ARMV4).ActiveCfg = Release|Smartphone 2003 (ARMV4)
		{488B3D8B-ED9C-4E12-9AE6-FB5FAF2450C4}.Release|Smartphone 2003 (ARMV4).Build.0 = Release|Smartphone 2003 (ARMV4)
		{488B3D8B-ED9C-4E12-9AE6-FB5FAF2450C4}.Release|Smartphone 2003 (ARMV4).Deploy.0 = Release|Smartphone 2003 (ARMV4)
		{488B3D8B-ED9C-4E12-9AE6-FB5FAF2450C4}.Release|Windows Mobile 5.0 Pocket PC SDK (ARMV4I).ActiveCfg = Release|Windows Mobile 5.0 Pocket PC SDK (ARMV4I)
		{488B3D8B-ED9C-4E12-9AE6-FB5FAF2450C4}.Release|Windows Mobile 5.0 Pocket PC SDK (ARMV4I).Build.0 = Release|Windows Mobile 5.0 Pocket PC SDK (ARMV4I)
		{488B3D8B-ED9C-4E12-9AE6-FB5FAF2450C4}.Release|Windows Mobile 5.0 Pocket PC SDK (ARMV4I).Deploy.0 = Release|Windows Mobile 5.0 Pocket PC SDK (ARMV4I)
		{488B3D8B-ED9C-4E12-9AE6-FB5FAF2450C4}.Release|Windows Mobile 5.0 Smartphone SDK (ARMV4I).ActiveCfg = Release|Windows Mobile 5.0 Smartphone SDK (ARMV4I)
		{488B3D8B-ED9C-4E12-9AE6-FB5FAF2450C4}.Release|Windows Mobile 5.0 Smartphone SDK (ARMV4I).Build.0 = Release|Windows Mobile 5.0 Smartphone SDK (ARMV4I)
		{488B3D8B-ED9C-4E12-9AE6-FB5FAF2450C4}.Release|Windows Mobile 5.0 Smartphone SDK (ARMV4I).Deploy.0 = Release|Windows Mobile 5.0 Smartphone SDK (ARMV4I)
		{488B3D8B-ED9C-4E12-9AE6-FB5FAF2450C4}.Release|Windows Mobile 6 Professional SDK (ARMV4I).ActiveCfg = Release|Windows Mobile 6 Professional SDK (ARMV4I)
		{488B3D8B-ED9C-4E12-9AE6-FB5FAF2450C4}.Release|Windows Mobile 6 Professional SDK (ARMV4I).Build.0 = Release|Windows Mobile 6 Professional SDK (ARMV4I)
		{488B3D8B-ED9C-4E12-9AE6-FB5FAF2450C4}.Release|Windows Mobile 6 Professional SDK (ARMV4I).Deploy.0 = Release|Windows Mobile 6 Professional SDK (ARMV4I)
		{D7B1ED60-1B23-48CA-BA39-0B556C63225B}.Debug|Pocket PC 2003 (ARMV4).ActiveCfg = Debug|Pocket PC 2003 (ARMV4)
		{D7B1ED60-1B23-48CA-BA39-0B556C63225B}.Debug|Pocket PC 2003 (ARMV4).Build.0 = Debug|Pocket PC 2003 (ARMV4)
		{D7B1ED60-1B23-48CA-BA39-0B556C63225B}.Debug|Pocket PC 2003 (ARMV4).Deploy.0 = Debug|Pocket PC 2003 (ARMV4)
		{D7B1ED60-1B23-48CA-BA39-0B556C63225B}.Debug|Smartphone 2003 (ARMV4).ActiveCfg = Debug|Smartphone 2003 (ARMV4)
		{D7B1ED60-1B23-48CA-BA39-0B556C63225B}.Debug|Smartphone 2003 (ARMV4).Build.0 = Debug|Smartphone 2003 (ARMV4)
		{D7B1ED60-1B23-48CA-BA39-0B556C63225B}.Debug|Smartphone 2003 (ARMV4).Deploy.0 = Debug|Smartphone 2003 (ARMV4)
		{D7B1ED60-1B23-48CA-BA39-0B556C63225B}.Debug|Windows Mobile 5.0 Pocket PC SDK (ARMV4I).ActiveCfg = Debug|Windows Mobile 5.0 Pocket PC SDK (ARMV4I)
		{D7B1ED60-1B23-48CA-BA39-0B556C63225B}.Debug|Windows Mobile 5.0 Pocket PC SDK (ARMV4I).Build.0 = Debug|Windows Mobile 5.0 Pocket PC SDK (ARMV4I)
		{D7B1ED60-1B23-48CA-BA39-0B556C63225B}.Debug|Windows Mobile 5.0 Pocket PC SDK (ARMV4I).Deploy.0 = Debug|Windows Mobile 5.0 Pocket PC SDK (ARMV4I)
		{D7B1ED60-1B23-48CA-BA39-0B556C63225B}.Debug|Windows Mobile 5.0 Smartphone SDK (ARMV4I).ActiveCfg = Debug|Windows Mobile 5.0 Smartphone SDK (ARMV4I)
		{D7B1ED60-1B23-48CA-BA39-0B556C63225B}.Debug|Windows Mobile 5.0 Smartphone SDK (ARMV4I).Build.0 = Debug|Windows Mobile 5.0 Smartphone SDK (ARMV4I)
		{D7B1ED60-1B23-48CA-BA39-0B556C63225B}.Debug|Windows Mobile 5.0 Smartphone SDK (ARMV4I).Deploy.0 = Debug|Windows Mobile 5.0 Smartphone SDK (ARMV4I)
		{D7B1ED60-1B23-48CA-BA39-0B556C63225B}.Debug|Windows Mobile 6 Professional SDK (ARMV4I).ActiveCfg = Debug|Windows Mobile 6 Professional SDK (ARMV4I)
		{D7B1ED60-1B23-48CA-BA39-0B556C63225B}.Debug|Windows Mobile 6 Professional SDK (ARMV4I).Build.0 = Debug|Windows Mobile 6 Professional SDK (ARMV4I)
		{D7B1ED60-1B23-48CA-BA39-0B556C63225B}.Debug|Windows Mobile 6 Professional SDK (ARMV4I).Deploy.0 = Debug|Windows Mobile 6 Professional SDK (ARMV4I)
		{D7B1ED60-1B23-48CA-BA39-0B556C63225B}.Devel|Pocket PC 2003 (ARMV4).ActiveCfg = Debug|Windows Mobile 5.0 Smartphone SDK (ARMV4I)
		{D7B1ED60-1B23-48CA-BA39-0B556C63225B}.Devel|Smartphone 2003 (ARMV4).ActiveCfg = Debug|Windows Mobile 5.0 Smartphone SDK (ARMV4I)
		{D7B1ED60-1B23-48CA-BA39-0B556C63225B}.Devel|Windows Mobile 5.0 Pocket PC SDK (ARMV4I).ActiveCfg = Debug|Windows Mobile 5.0 Smartphone SDK (ARMV4I)
		{D7B1ED60-1B23-48CA-BA39-0B556C63225B}.Devel|Windows Mobile 5.0 Smartphone SDK (ARMV4I).ActiveCfg = Debug|Windows Mobile 5.0 Smartphone SDK (ARMV4I)
		{D7B1ED60-1B23-48CA-BA39-0B556C63225B}.Devel|Windows Mobile 5.0 Smartphone SDK (ARMV4I).Build.0 = Debug|Windows Mobile 5.0 Smartphone SDK (ARMV4I)
		{D7B1ED60-1B23-48CA-BA39-0B556C63225B}.Devel|Windows Mobile 5.0 Smartphone SDK (ARMV4I).Deploy.0 = Debug|Windows Mobile 5.0 Smartphone SDK (ARMV4I)
		{D7B1ED60-1B23-48CA-BA39-0B556C63225B}.Devel|Windows Mobile 6 Professional SDK (ARMV4I).ActiveCfg = Debug|Windows Mobile 5.0 Smartphone SDK (ARMV4I)
		{D7B1ED60-1B23-48CA-BA39-0B556C63225B}.Release|Pocket PC 2003 (ARMV4).ActiveCfg = Release|Pocket PC 2003 (ARMV4)
		{D7B1ED60-1B23-48CA-BA39-0B556C63225B}.Release|Pocket PC 2003 (ARMV4).Build.0 = Release|Pocket PC 2003 (ARMV4)
		{D7B1ED60-1B23-48CA-BA39-0B556C63225B}.Release|Pocket PC 2003 (ARMV4).Deploy.0 = Release|Pocket PC 2003 (ARMV4)
		{D7B1ED60-1B23-48CA-BA39-0B556C63225B}.Release|Smartphone 2003 (ARMV4).ActiveCfg = Release|Smartphone 2003 (ARMV4)
		{D7B1ED60-1B23-48CA-BA39-0B556C63225B}.Release|Smartphone 2003 (ARMV4).Build.0 = Release|Smartphone 2003 (ARMV4)
		{D7B1ED60-1B23-48CA-BA39-0B556C63225B}.Release|Smartphone 2003 (ARMV4).Deploy.0 = Release|Smartphone 2003 (ARMV4)
		{D7B1ED60-1B23-48CA-BA39-0B556C63225B}.Release|Windows Mobile 5.0 Pocket PC SDK (ARMV4I).ActiveCfg = Release|Windows Mobile 5.0 Pocket PC SDK (ARMV4I)
		{D7B1ED60-1B23-48CA-BA39-0B556C63225B}.Release|Windows Mobile 5.0 Pocket PC SDK (ARMV4I).Build.0 = Release|Windows Mobile 5.0 Pocket PC SDK (ARMV4I)
		{D7B1ED60-1B23-48CA-BA39-0B556C63225B}.Release|Windows Mobile 5.0 Pocket PC SDK (ARMV4I).Deploy.0 = Release|Windows Mobile 5.0 Pocket PC SDK (ARMV4I)
		{D7B1ED60-1B23-48CA-BA39-0B556C63225B}.Release|Windows Mobile 5.0 Smartphone SDK (ARMV4I).ActiveCfg = Release|Windows Mobile 5.0 Smartphone SDK (ARMV4I)
		{D7B1ED60-1B23-48CA-BA39-0B556C63225B}.Release|Windows Mobile 5.0 Smartphone SDK (ARMV4I).Build.0 = Release|Windows Mobile 5.0 Smartphone SDK (ARMV4I)
		{D7B1ED60-1B23-48CA-BA39-0B556C63225B}.Release|Windows Mobile 5.0 Smartphone SDK (ARMV4I).Deploy.0 = Release|Windows Mobile 5.0 Smartphone SDK (ARMV4I)
		{D7B1ED60-1B23-48CA-BA39-0B556C63225B}.Release|Windows Mobile 6 Professional SDK (ARMV4I).ActiveCfg = Release|Windows Mobile 6 Professional SDK (ARMV4I)
		{D7B1ED60-1B23-48CA-BA39-0B556C63225B}.Release|Windows Mobile 6 Professional SDK (ARMV4I).Build.0 = Release|Windows Mobile 6 Professional SDK (ARMV4I)
		{D7B1ED60-1B23-48CA-BA39-0B556C63225B}.Release|Windows Mobile 6 Professional SDK (ARMV4I).Deploy.0 = Release|Windows Mobile 6 Professional SDK (ARMV4I)
		{B8D7E933-48CD-4D26-BA8C-977FBC30BC39}.Debug|Pocket PC 2003 (ARMV4).ActiveCfg = Debug|Pocket PC 2003 (ARMV4)
		{B8D7E933-48CD-4D26-BA8C-977FBC30BC39}.Debug|Pocket PC 2003 (ARMV4).Build.0 = Debug|Pocket PC 2003 (ARMV4)
		{B8D7E933-48CD-4D26-BA8C-977FBC30BC39}.Debug|Pocket PC 2003 (ARMV4).Deploy.0 = Debug|Pocket PC 2003 (ARMV4)
		{B8D7E933-48CD-4D26-BA8C-977FBC30BC39}.Debug|Smartphone 2003 (ARMV4).ActiveCfg = Debug|Smartphone 2003 (ARMV4)
		{B8D7E933-48CD-4D26-BA8C-977FBC30BC39}.Debug|Smartphone 2003 (ARMV4).Build.0 = Debug|Smartphone 2003 (ARMV4)
		{B8D7E933-48CD-4D26-BA8C-977FBC30BC39}.Debug|Smartphone 2003 (ARMV4).Deploy.0 = Debug|Smartphone 2003 (ARMV4)
		{B8D7E933-48CD-4D26-BA8C-977FBC30BC39}.Debug|Windows Mobile 5.0 Pocket PC SDK (ARMV4I).ActiveCfg = Debug|Windows Mobile 5.0 Pocket PC SDK (ARMV4I)
		{B8D7E933-48CD-4D26-BA8C-977FBC30BC39}.Debug|Windows Mobile 5.0 Pocket PC SDK (ARMV4I).Build.0 = Debug|Windows Mobile 5.0 Pocket PC SDK (ARMV4I)
		{B8D7E933-48CD-4D26-BA8C-977FBC30BC39}.Debug|Windows Mobile 5.0 Pocket PC SDK (ARMV4I).Deploy.0 = Debug|Windows Mobile 5.0 Pocket PC SDK (ARMV4I)
		{B8D7E933-48CD-4D26-BA8C-977FBC30BC39}.Debug|Windows Mobile 5.0 Smartphone SDK (ARMV4I).ActiveCfg = Debug|Windows Mobile 5.0 Smartphone SDK (ARMV4I)
		{B8D7E933-48CD-4D26-BA8C-977FBC30BC39}.Debug|Windows Mobile 5.0 Smartphone SDK (ARMV4I).Build.0 = Debug|Windows Mobile 5.0 Smartphone SDK (ARMV4I)
		{B8D7E933-48CD-4D26-BA8C-977FBC30BC39}.Debug|Windows Mobile 5.0 Smartphone SDK (ARMV4I).Deploy.0 = Debug|Windows Mobile 5.0 Smartphone SDK (ARMV4I)
		{B8D7E933-48CD-4D26-BA8C-977FBC30BC39}.Debug|Windows Mobile 6 Professional SDK (ARMV4I).ActiveCfg = Debug|Windows Mobile 6 Professional SDK (ARMV4I)
		{B8D7E933-48CD-4D26-BA8C-977FBC30BC39}.Debug|Windows Mobile 6 Professional SDK (ARMV4I).Build.0 = Debug|Windows Mobile 6 Professional SDK (ARMV4I)
		{B8D7E933-48CD-4D26-BA8C-977FBC30BC39}.Debug|Windows Mobile 6 Professional SDK (ARMV4I).Deploy.0 = Debug|Windows Mobile 6 Professional SDK (ARMV4I)
		{B8D7E933-48CD-4D26-BA8C-977FBC30BC39}.Devel|Pocket PC 2003 (ARMV4).ActiveCfg = Devel|Pocket PC 2003 (ARMV4)
		{B8D7E933-48CD-4D26-BA8C-977FBC30BC39}.Devel|Pocket PC 2003 (ARMV4).Build.0 = Devel|Pocket PC 2003 (ARMV4)
		{B8D7E933-48CD-4D26-BA8C-977FBC30BC39}.Devel|Pocket PC 2003 (ARMV4).Deploy.0 = Devel|Pocket PC 2003 (ARMV4)
		{B8D7E933-48CD-4D26-BA8C-977FBC30BC39}.Devel|Smartphone 2003 (ARMV4).ActiveCfg = Devel|Smartphone 2003 (ARMV4)
		{B8D7E933-48CD-4D26-BA8C-977FBC30BC39}.Devel|Smartphone 2003 (ARMV4).Build.0 = Devel|Smartphone 2003 (ARMV4)
		{B8D7E933-48CD-4D26-BA8C-977FBC30BC39}.Devel|Smartphone 2003 (ARMV4).Deploy.0 = Devel|Smartphone 2003 (ARMV4)
		{B8D7E933-48CD-4D26-BA8C-977FBC30BC39}.Devel|Windows Mobile 5.0 Pocket PC SDK (ARMV4I).ActiveCfg = Devel|Windows Mobile 5.0 Pocket PC SDK (ARMV4I)
		{B8D7E933-48CD-4D26-BA8C-977FBC30BC39}.Devel|Windows Mobile 5.0 Pocket PC SDK (ARMV4I).Build.0 = Devel|Windows Mobile 5.0 Pocket PC SDK (ARMV4I)
		{B8D7E933-48CD-4D26-BA8C-977FBC30BC39}.Devel|Windows Mobile 5.0 Pocket PC SDK (ARMV4I).Deploy.0 = Devel|Windows Mobile 5.0 Pocket PC SDK (ARMV4I)
		{B8D7E933-48CD-4D26-BA8C-977FBC30BC39}.Devel|Windows Mobile 5.0 Smartphone SDK (ARMV4I).ActiveCfg = Devel|Windows Mobile 5.0 Smartphone SDK (ARMV4I)
		{B8D7E933-48CD-4D26-BA8C-977FBC30BC39}.Devel|Windows Mobile 5.0 Smartphone SDK (ARMV4I).Build.0 = Devel|Windows Mobile 5.0 Smartphone SDK (ARMV4I)
		{B8D7E933-48CD-4D26-BA8C-977FBC30BC39}.Devel|Windows Mobile 5.0 Smartphone SDK (ARMV4I).Deploy.0 = Devel|Windows Mobile 5.0 Smartphone SDK (ARMV4I)
		{B8D7E933-48CD-4D26-BA8C-977FBC30BC39}.Devel|Windows Mobile 6 Professional SDK (ARMV4I).ActiveCfg = Devel|Windows Mobile 6 Professional SDK (ARMV4I)
		{B8D7E933-48CD-4D26-BA8C-977FBC30BC39}.Devel|Windows Mobile 6 Professional SDK (ARMV4I).Build.0 = Devel|Windows Mobile 6 Professional SDK (ARMV4I)
		{B8D7E933-48CD-4D26-BA8C-977FBC30BC39}.Devel|Windows Mobile 6 Professional SDK (ARMV4I).Deploy.0 = Devel|Windows Mobile 6 Professional SDK (ARMV4I)
		{B8D7E933-48CD-4D26-BA8C-977FBC30BC39}.Release|Pocket PC 2003 (ARMV4).ActiveCfg = Release|Pocket PC 2003 (ARMV4)
		{B8D7E933-48CD-4D26-BA8C-977FBC30BC39}.Release|Pocket PC 2003 (ARMV4).Build.0 = Release|Pocket PC 2003 (ARMV4)
		{B8D7E933-48CD-4D26-BA8C-977FBC30BC39}.Release|Pocket PC 2003 (ARMV4).Deploy.0 = Release|Pocket PC 2003 (ARMV4)
		{B8D7E933-48CD-4D26-BA8C-977FBC30BC39}.Release|Smartphone 2003 (ARMV4).ActiveCfg = Release|Smartphone 2003 (ARMV4)
		{B8D7E933-48CD-4D26-BA8C-977FBC30BC39}.Release|Smartphone 2003 (ARMV4).Build.0 = Release|Smartphone 2003 (ARMV4)
		{B8D7E933-48CD-4D26-BA8C-977FBC30BC39}.Release|Smartphone 2003 (ARMV4).Deploy.0 = Release|Smartphone 2003 (ARMV4)
		{B8D7E933-48CD-4D26-BA8C-977FBC30BC39}.Release|Windows Mobile 5.0 Pocket PC SDK (ARMV4I).ActiveCfg = Release|Windows Mobile 5.0 Pocket PC SDK (ARMV4I)
		{B8D7E933-48CD-4D26-BA8C-977FBC30BC39}.Release|Windows Mobile 5.0 Pocket PC SDK (ARMV4I).Build.0 = Release|Windows Mobile 5.0 Pocket PC SDK (ARMV4I)
		{B8D7E933-48CD-4D26-BA8C-977FBC30BC39}.Release|Windows Mobile 5.0 Pocket PC SDK (ARMV4I).Deploy.0 = Release|Windows Mobile 5.0 Pocket PC SDK (ARMV4I)
		{B8D7E933-48CD-4D26-BA8C-977FBC30BC39}.Release|Windows Mobile 5.0 Smartphone SDK (ARMV4I).ActiveCfg = Release|Windows Mobile 5.0 Smartphone SDK (ARMV4I)
		{B8D7E933-48CD-4D26-BA8C-977FBC30BC39}.Release|Windows Mobile 5.0 Smartphone SDK (ARMV4I).Build.0 = Release|Windows Mobile 5.0 Smartphone SDK (ARMV4I)
		{B8D7E933-48CD-4D26-BA8C-977FBC30BC39}.Release|Windows Mobile 5.0 Smartphone SDK (ARMV4I).Deploy.0 = Release|Windows Mobile 5.0 Smartphone SDK (ARMV4I)
		{B8D7E933-48CD-4D26-BA8C-977FBC30BC39}.Release|Windows Mobile 6 Professional SDK (ARMV4I).ActiveCfg = Release|Windows Mobile 6 Professional SDK (ARMV4I)
		{B8D7E933-48CD-4D26-BA8C-977FBC30BC39}.Release|Windows Mobile 6 Professional SDK (ARMV4I).Build.0 = Release|Windows Mobile 6 Professional SDK (ARMV4I)
		{B8D7E933-48CD-4D26-BA8C-977FBC30BC39}.Release|Windows Mobile 6 Professional SDK (ARMV4I).Deploy.0 = Release|Windows Mobile 6 Professional SDK (ARMV4I)
	EndGlobalSection
	GlobalSection(SolutionProperties) = preSolution
		HideSolutionNode = FALSE
	EndGlobalSection
EndGlobal
